
Microsoft Visual Studio Solution File, Format Version 12.00
# Visual Studio Version 17
VisualStudioVersion = 17.5.33530.505
MinimumVisualStudioVersion = 10.0.40219.1
Project("{FAE04EC0-301F-11D3-BF4B-00C04F79EFBC}") = "TunbisDataImport", "TunbisDataImport\TunbisDataImport.csproj", "{7FA4D8D2-93E5-4C7A-98C1-FD073737F758}"
EndProject
Global
	GlobalSection(SolutionConfigurationPlatforms) = preSolution
		Debug|Any CPU = Debug|Any CPU
		Release|Any CPU = Release|Any CPU
	EndGlobalSection
	GlobalSection(ProjectConfigurationPlatforms) = postSolution
		{7FA4D8D2-93E5-4C7A-98C1-FD073737F758}.Debug|Any CPU.ActiveCfg = Debug|Any CPU
		{7FA4D8D2-93E5-4C7A-98C1-FD073737F758}.Debug|Any CPU.Build.0 = Debug|Any CPU
		{7FA4D8D2-93E5-4C7A-98C1-FD073737F758}.Release|Any CPU.ActiveCfg = Release|Any CPU
		{7FA4D8D2-93E5-4C7A-98C1-FD073737F758}.Release|Any CPU.Build.0 = Release|Any CPU
	EndGlobalSection
	GlobalSection(SolutionProperties) = preSolution
		HideSolutionNode = FALSE
	EndGlobalSection
	GlobalSection(ExtensibilityGlobals) = postSolution
		SolutionGuid = {D9BABB9D-1E0C-455D-8837-1E4CB8DB1362}
	EndGlobalSection
EndGlobal
